
Microsoft Visual Studio Solution File, Format Version 12.00
# Visual Studio 15
VisualStudioVersion = 15.0.26730.16
MinimumVisualStudioVersion = 10.0.40219.1
Project("{2150E333-8FDC-42A3-9474-1A3956D46DE8}") = "SolutionItems", "SolutionItems", "{D566A65C-1586-452F-B1FB-135F47F22681}"
	ProjectSection(SolutionItems) = preProject
		..\.gitattributes = ..\.gitattributes
		..\.gitignore = ..\.gitignore
		..\clean-with-scc.bat = ..\clean-with-scc.bat
		..\readme.md = ..\readme.md
	EndProjectSection
EndProject
Project("{2150E333-8FDC-42A3-9474-1A3956D46DE8}") = "Tests", "Tests", "{BD000423-E590-4670-B250-C60002775AA3}"
EndProject
Project("{9A19103F-16F7-4668-BE54-9A1E7A4F7556}") = "AccountAndJwt.IntegrationTests", "AccountAndJwt.IntegrationTests\AccountAndJwt.IntegrationTests.csproj", "{476F7845-8932-4807-A8D1-6DA2AEE5F245}"
EndProject
Project("{9A19103F-16F7-4668-BE54-9A1E7A4F7556}") = "AccountAndJwt.Api.Contracts", "AccountAndJwt.Api.Contracts\AccountAndJwt.Api.Contracts.csproj", "{D5241B4E-F5AA-41FE-9648-69CE40B0E427}"
EndProject
Project("{9A19103F-16F7-4668-BE54-9A1E7A4F7556}") = "AccountAndJwt.Api", "AccountAndJwt.Api\AccountAndJwt.Api.csproj", "{61243E3F-2B1C-46BB-8754-60AB756F5F1D}"
EndProject
Project("{9A19103F-16F7-4668-BE54-9A1E7A4F7556}") = "AccountAndJwt.Common", "AccountAndJwt.Common\AccountAndJwt.Common.csproj", "{FA81FB6D-B7C2-410F-BB4E-A894F9B86ADD}"
EndProject
Project("{9A19103F-16F7-4668-BE54-9A1E7A4F7556}") = "AccountAndJwt.Database", "AccountAndJwt.Database\AccountAndJwt.Database.csproj", "{1783357E-9946-410C-A748-6B09D2EF9170}"
EndProject
Project("{9A19103F-16F7-4668-BE54-9A1E7A4F7556}") = "AccountAndJwt.UnitTests", "AccountAndJwt.UnitTests\AccountAndJwt.UnitTests.csproj", "{2A2E4B00-1C08-4419-9BD2-A42FF47B57F7}"
EndProject
Project("{9A19103F-16F7-4668-BE54-9A1E7A4F7556}") = "AccountAndJwt.AuthorizationService", "WebApplication1\AccountAndJwt.AuthorizationService.csproj", "{2EB7C790-6526-420A-B4CD-0400EC9F3E9B}"
EndProject
Global
	GlobalSection(SolutionConfigurationPlatforms) = preSolution
		Debug|Any CPU = Debug|Any CPU
		Release|Any CPU = Release|Any CPU
	EndGlobalSection
	GlobalSection(ProjectConfigurationPlatforms) = postSolution
		{476F7845-8932-4807-A8D1-6DA2AEE5F245}.Debug|Any CPU.ActiveCfg = Debug|Any CPU
		{476F7845-8932-4807-A8D1-6DA2AEE5F245}.Debug|Any CPU.Build.0 = Debug|Any CPU
		{476F7845-8932-4807-A8D1-6DA2AEE5F245}.Release|Any CPU.ActiveCfg = Release|Any CPU
		{476F7845-8932-4807-A8D1-6DA2AEE5F245}.Release|Any CPU.Build.0 = Release|Any CPU
		{D5241B4E-F5AA-41FE-9648-69CE40B0E427}.Debug|Any CPU.ActiveCfg = Debug|Any CPU
		{D5241B4E-F5AA-41FE-9648-69CE40B0E427}.Debug|Any CPU.Build.0 = Debug|Any CPU
		{D5241B4E-F5AA-41FE-9648-69CE40B0E427}.Release|Any CPU.ActiveCfg = Release|Any CPU
		{D5241B4E-F5AA-41FE-9648-69CE40B0E427}.Release|Any CPU.Build.0 = Release|Any CPU
		{61243E3F-2B1C-46BB-8754-60AB756F5F1D}.Debug|Any CPU.ActiveCfg = Debug|Any CPU
		{61243E3F-2B1C-46BB-8754-60AB756F5F1D}.Debug|Any CPU.Build.0 = Debug|Any CPU
		{61243E3F-2B1C-46BB-8754-60AB756F5F1D}.Release|Any CPU.ActiveCfg = Release|Any CPU
		{61243E3F-2B1C-46BB-8754-60AB756F5F1D}.Release|Any CPU.Build.0 = Release|Any CPU
		{FA81FB6D-B7C2-410F-BB4E-A894F9B86ADD}.Debug|Any CPU.ActiveCfg = Debug|Any CPU
		{FA81FB6D-B7C2-410F-BB4E-A894F9B86ADD}.Debug|Any CPU.Build.0 = Debug|Any CPU
		{FA81FB6D-B7C2-410F-BB4E-A894F9B86ADD}.Release|Any CPU.ActiveCfg = Release|Any CPU
		{FA81FB6D-B7C2-410F-BB4E-A894F9B86ADD}.Release|Any CPU.Build.0 = Release|Any CPU
		{1783357E-9946-410C-A748-6B09D2EF9170}.Debug|Any CPU.ActiveCfg = Debug|Any CPU
		{1783357E-9946-410C-A748-6B09D2EF9170}.Debug|Any CPU.Build.0 = Debug|Any CPU
		{1783357E-9946-410C-A748-6B09D2EF9170}.Release|Any CPU.ActiveCfg = Release|Any CPU
		{1783357E-9946-410C-A748-6B09D2EF9170}.Release|Any CPU.Build.0 = Release|Any CPU
		{2A2E4B00-1C08-4419-9BD2-A42FF47B57F7}.Debug|Any CPU.ActiveCfg = Debug|Any CPU
		{2A2E4B00-1C08-4419-9BD2-A42FF47B57F7}.Debug|Any CPU.Build.0 = Debug|Any CPU
		{2A2E4B00-1C08-4419-9BD2-A42FF47B57F7}.Release|Any CPU.ActiveCfg = Release|Any CPU
		{2A2E4B00-1C08-4419-9BD2-A42FF47B57F7}.Release|Any CPU.Build.0 = Release|Any CPU
		{2EB7C790-6526-420A-B4CD-0400EC9F3E9B}.Debug|Any CPU.ActiveCfg = Debug|Any CPU
		{2EB7C790-6526-420A-B4CD-0400EC9F3E9B}.Debug|Any CPU.Build.0 = Debug|Any CPU
		{2EB7C790-6526-420A-B4CD-0400EC9F3E9B}.Release|Any CPU.ActiveCfg = Release|Any CPU
		{2EB7C790-6526-420A-B4CD-0400EC9F3E9B}.Release|Any CPU.Build.0 = Release|Any CPU
	EndGlobalSection
	GlobalSection(SolutionProperties) = preSolution
		HideSolutionNode = FALSE
	EndGlobalSection
	GlobalSection(NestedProjects) = preSolution
		{476F7845-8932-4807-A8D1-6DA2AEE5F245} = {BD000423-E590-4670-B250-C60002775AA3}
		{2A2E4B00-1C08-4419-9BD2-A42FF47B57F7} = {BD000423-E590-4670-B250-C60002775AA3}
	EndGlobalSection
	GlobalSection(ExtensibilityGlobals) = postSolution
		SolutionGuid = {244F8E53-C4F8-42E7-B4BC-D6B8A1B4BDE6}
	EndGlobalSection
EndGlobal
