
Microsoft Visual Studio Solution File, Format Version 12.00
# Visual Studio 15
VisualStudioVersion = 15.0.26730.16
MinimumVisualStudioVersion = 10.0.40219.1
Project("{9A19103F-16F7-4668-BE54-9A1E7A4F7556}") = "AccountAndJwt", "AccountAndJwt\AccountAndJwt.csproj", "{D30792FB-16DD-4D8A-B6EC-44E706B91FCF}"
EndProject
Project("{2150E333-8FDC-42A3-9474-1A3956D46DE8}") = "SolutionItems", "SolutionItems", "{D566A65C-1586-452F-B1FB-135F47F22681}"
	ProjectSection(SolutionItems) = preProject
		.gitattributes = .gitattributes
		.gitignore = .gitignore
		clean-with-scc.bat = clean-with-scc.bat
		readme.md = readme.md
	EndProjectSection
EndProject
Project("{9A19103F-16F7-4668-BE54-9A1E7A4F7556}") = "AccountAndJwt.Client", "AccountAndJwt.Client\AccountAndJwt.Client.csproj", "{411DDCAD-43B8-4BE6-A21D-94D13881192C}"
EndProject
Project("{9A19103F-16F7-4668-BE54-9A1E7A4F7556}") = "AccountAndJwt.Tests", "AccountAndJwt.Tests\AccountAndJwt.Tests.csproj", "{F1C19301-132C-4924-88F9-E729F0FB1E66}"
EndProject
Project("{9A19103F-16F7-4668-BE54-9A1E7A4F7556}") = "AccountAndJwt.Contracts", "AccountAndJwt.Contracts\AccountAndJwt.Contracts.csproj", "{17389ED6-9181-4A5B-92F4-65E59A841CE8}"
EndProject
Global
	GlobalSection(SolutionConfigurationPlatforms) = preSolution
		Debug|Any CPU = Debug|Any CPU
		Release|Any CPU = Release|Any CPU
	EndGlobalSection
	GlobalSection(ProjectConfigurationPlatforms) = postSolution
		{D30792FB-16DD-4D8A-B6EC-44E706B91FCF}.Debug|Any CPU.ActiveCfg = Debug|Any CPU
		{D30792FB-16DD-4D8A-B6EC-44E706B91FCF}.Debug|Any CPU.Build.0 = Debug|Any CPU
		{D30792FB-16DD-4D8A-B6EC-44E706B91FCF}.Release|Any CPU.ActiveCfg = Release|Any CPU
		{D30792FB-16DD-4D8A-B6EC-44E706B91FCF}.Release|Any CPU.Build.0 = Release|Any CPU
		{411DDCAD-43B8-4BE6-A21D-94D13881192C}.Debug|Any CPU.ActiveCfg = Debug|Any CPU
		{411DDCAD-43B8-4BE6-A21D-94D13881192C}.Debug|Any CPU.Build.0 = Debug|Any CPU
		{411DDCAD-43B8-4BE6-A21D-94D13881192C}.Release|Any CPU.ActiveCfg = Release|Any CPU
		{411DDCAD-43B8-4BE6-A21D-94D13881192C}.Release|Any CPU.Build.0 = Release|Any CPU
		{F1C19301-132C-4924-88F9-E729F0FB1E66}.Debug|Any CPU.ActiveCfg = Debug|Any CPU
		{F1C19301-132C-4924-88F9-E729F0FB1E66}.Debug|Any CPU.Build.0 = Debug|Any CPU
		{F1C19301-132C-4924-88F9-E729F0FB1E66}.Release|Any CPU.ActiveCfg = Release|Any CPU
		{F1C19301-132C-4924-88F9-E729F0FB1E66}.Release|Any CPU.Build.0 = Release|Any CPU
		{17389ED6-9181-4A5B-92F4-65E59A841CE8}.Debug|Any CPU.ActiveCfg = Debug|Any CPU
		{17389ED6-9181-4A5B-92F4-65E59A841CE8}.Debug|Any CPU.Build.0 = Debug|Any CPU
		{17389ED6-9181-4A5B-92F4-65E59A841CE8}.Release|Any CPU.ActiveCfg = Release|Any CPU
		{17389ED6-9181-4A5B-92F4-65E59A841CE8}.Release|Any CPU.Build.0 = Release|Any CPU
	EndGlobalSection
	GlobalSection(SolutionProperties) = preSolution
		HideSolutionNode = FALSE
	EndGlobalSection
	GlobalSection(ExtensibilityGlobals) = postSolution
		SolutionGuid = {244F8E53-C4F8-42E7-B4BC-D6B8A1B4BDE6}
	EndGlobalSection
EndGlobal
