
Microsoft Visual Studio Solution File, Format Version 12.00
# Visual Studio Version 16
VisualStudioVersion = 16.0.30002.166
MinimumVisualStudioVersion = 10.0.40219.1
Project("{9A19103F-16F7-4668-BE54-9A1E7A4F7556}") = "AccountAndJwt.AuthorizationService", "AccountAndJwt.AuthorizationService\AccountAndJwt.AuthorizationService.csproj", "{12DD25C1-5B6F-49AA-961B-5C4AD069256A}"
EndProject
Project("{9A19103F-16F7-4668-BE54-9A1E7A4F7556}") = "AccountAndJwt.Contracts", "AccountAndJwt.Contracts\AccountAndJwt.Contracts.csproj", "{365E126C-D3EF-4EDC-ACE0-383C5DB9D730}"
EndProject
Project("{9A19103F-16F7-4668-BE54-9A1E7A4F7556}") = "AccountAndJwt.Common", "AccountAndJwt.Common\AccountAndJwt.Common.csproj", "{D01D5FF5-BF7C-4D9B-A49B-624176B3490F}"
EndProject
Project("{9A19103F-16F7-4668-BE54-9A1E7A4F7556}") = "AccountAndJwt.Database", "AccountAndJwt.Database\AccountAndJwt.Database.csproj", "{077941A9-DD41-49EA-87B4-23B8977E4334}"
EndProject
Project("{2150E333-8FDC-42A3-9474-1A3956D46DE8}") = "SolutionItems", "SolutionItems", "{9CDEF55E-889F-4AA2-B69B-895EA353FE3B}"
	ProjectSection(SolutionItems) = preProject
		..\.gitattributes = ..\.gitattributes
		..\.gitignore = ..\.gitignore
		..\clean-with-scc.bat = ..\clean-with-scc.bat
		..\Links.txt = ..\Links.txt
		..\readme.md = ..\readme.md
	EndProjectSection
EndProject
Project("{2150E333-8FDC-42A3-9474-1A3956D46DE8}") = "Tests", "Tests", "{E5001D52-F4F7-4C6F-ADA8-4D08A7132D81}"
EndProject
Project("{9A19103F-16F7-4668-BE54-9A1E7A4F7556}") = "AccountAndJwt.UnitTests", "AccountAndJwt.UnitTests\AccountAndJwt.UnitTests.csproj", "{D91421B3-72FC-447A-BF52-BB31A2143B43}"
EndProject
Project("{9A19103F-16F7-4668-BE54-9A1E7A4F7556}") = "AccountAndJwt.IntegrationTests", "AccountAndJwt.IntegrationTests\AccountAndJwt.IntegrationTests.csproj", "{C91CCC2D-FC1D-45F0-89F6-10E2A31AD2FE}"
EndProject
Project("{FAE04EC0-301F-11D3-BF4B-00C04F79EFBC}") = "AccountAndJwt.Ui", "AccountAndJwt.Ui\AccountAndJwt.Ui.csproj", "{77C6D92F-3A28-49D4-8B8E-4CE745C001E3}"
EndProject
Global
	GlobalSection(SolutionConfigurationPlatforms) = preSolution
		Debug|Any CPU = Debug|Any CPU
		Local|Any CPU = Local|Any CPU
		Release|Any CPU = Release|Any CPU
	EndGlobalSection
	GlobalSection(ProjectConfigurationPlatforms) = postSolution
		{12DD25C1-5B6F-49AA-961B-5C4AD069256A}.Debug|Any CPU.ActiveCfg = Debug|Any CPU
		{12DD25C1-5B6F-49AA-961B-5C4AD069256A}.Debug|Any CPU.Build.0 = Debug|Any CPU
		{12DD25C1-5B6F-49AA-961B-5C4AD069256A}.Local|Any CPU.ActiveCfg = Local|Any CPU
		{12DD25C1-5B6F-49AA-961B-5C4AD069256A}.Local|Any CPU.Build.0 = Local|Any CPU
		{12DD25C1-5B6F-49AA-961B-5C4AD069256A}.Release|Any CPU.ActiveCfg = Release|Any CPU
		{12DD25C1-5B6F-49AA-961B-5C4AD069256A}.Release|Any CPU.Build.0 = Release|Any CPU
		{365E126C-D3EF-4EDC-ACE0-383C5DB9D730}.Debug|Any CPU.ActiveCfg = Debug|Any CPU
		{365E126C-D3EF-4EDC-ACE0-383C5DB9D730}.Debug|Any CPU.Build.0 = Debug|Any CPU
		{365E126C-D3EF-4EDC-ACE0-383C5DB9D730}.Local|Any CPU.ActiveCfg = Local|Any CPU
		{365E126C-D3EF-4EDC-ACE0-383C5DB9D730}.Local|Any CPU.Build.0 = Local|Any CPU
		{365E126C-D3EF-4EDC-ACE0-383C5DB9D730}.Release|Any CPU.ActiveCfg = Release|Any CPU
		{365E126C-D3EF-4EDC-ACE0-383C5DB9D730}.Release|Any CPU.Build.0 = Release|Any CPU
		{D01D5FF5-BF7C-4D9B-A49B-624176B3490F}.Debug|Any CPU.ActiveCfg = Debug|Any CPU
		{D01D5FF5-BF7C-4D9B-A49B-624176B3490F}.Debug|Any CPU.Build.0 = Debug|Any CPU
		{D01D5FF5-BF7C-4D9B-A49B-624176B3490F}.Local|Any CPU.ActiveCfg = Local|Any CPU
		{D01D5FF5-BF7C-4D9B-A49B-624176B3490F}.Local|Any CPU.Build.0 = Local|Any CPU
		{D01D5FF5-BF7C-4D9B-A49B-624176B3490F}.Release|Any CPU.ActiveCfg = Release|Any CPU
		{D01D5FF5-BF7C-4D9B-A49B-624176B3490F}.Release|Any CPU.Build.0 = Release|Any CPU
		{077941A9-DD41-49EA-87B4-23B8977E4334}.Debug|Any CPU.ActiveCfg = Debug|Any CPU
		{077941A9-DD41-49EA-87B4-23B8977E4334}.Debug|Any CPU.Build.0 = Debug|Any CPU
		{077941A9-DD41-49EA-87B4-23B8977E4334}.Local|Any CPU.ActiveCfg = Local|Any CPU
		{077941A9-DD41-49EA-87B4-23B8977E4334}.Local|Any CPU.Build.0 = Local|Any CPU
		{077941A9-DD41-49EA-87B4-23B8977E4334}.Release|Any CPU.ActiveCfg = Release|Any CPU
		{077941A9-DD41-49EA-87B4-23B8977E4334}.Release|Any CPU.Build.0 = Release|Any CPU
		{D91421B3-72FC-447A-BF52-BB31A2143B43}.Debug|Any CPU.ActiveCfg = Debug|Any CPU
		{D91421B3-72FC-447A-BF52-BB31A2143B43}.Debug|Any CPU.Build.0 = Debug|Any CPU
		{D91421B3-72FC-447A-BF52-BB31A2143B43}.Local|Any CPU.ActiveCfg = Debug|Any CPU
		{D91421B3-72FC-447A-BF52-BB31A2143B43}.Local|Any CPU.Build.0 = Debug|Any CPU
		{D91421B3-72FC-447A-BF52-BB31A2143B43}.Release|Any CPU.ActiveCfg = Release|Any CPU
		{D91421B3-72FC-447A-BF52-BB31A2143B43}.Release|Any CPU.Build.0 = Release|Any CPU
		{C91CCC2D-FC1D-45F0-89F6-10E2A31AD2FE}.Debug|Any CPU.ActiveCfg = Debug|Any CPU
		{C91CCC2D-FC1D-45F0-89F6-10E2A31AD2FE}.Debug|Any CPU.Build.0 = Debug|Any CPU
		{C91CCC2D-FC1D-45F0-89F6-10E2A31AD2FE}.Local|Any CPU.ActiveCfg = Debug|Any CPU
		{C91CCC2D-FC1D-45F0-89F6-10E2A31AD2FE}.Local|Any CPU.Build.0 = Debug|Any CPU
		{C91CCC2D-FC1D-45F0-89F6-10E2A31AD2FE}.Release|Any CPU.ActiveCfg = Release|Any CPU
		{C91CCC2D-FC1D-45F0-89F6-10E2A31AD2FE}.Release|Any CPU.Build.0 = Release|Any CPU
		{77C6D92F-3A28-49D4-8B8E-4CE745C001E3}.Debug|Any CPU.ActiveCfg = Debug|Any CPU
		{77C6D92F-3A28-49D4-8B8E-4CE745C001E3}.Debug|Any CPU.Build.0 = Debug|Any CPU
		{77C6D92F-3A28-49D4-8B8E-4CE745C001E3}.Local|Any CPU.ActiveCfg = Debug|Any CPU
		{77C6D92F-3A28-49D4-8B8E-4CE745C001E3}.Local|Any CPU.Build.0 = Debug|Any CPU
		{77C6D92F-3A28-49D4-8B8E-4CE745C001E3}.Release|Any CPU.ActiveCfg = Release|Any CPU
		{77C6D92F-3A28-49D4-8B8E-4CE745C001E3}.Release|Any CPU.Build.0 = Release|Any CPU
	EndGlobalSection
	GlobalSection(SolutionProperties) = preSolution
		HideSolutionNode = FALSE
	EndGlobalSection
	GlobalSection(NestedProjects) = preSolution
		{D91421B3-72FC-447A-BF52-BB31A2143B43} = {E5001D52-F4F7-4C6F-ADA8-4D08A7132D81}
		{C91CCC2D-FC1D-45F0-89F6-10E2A31AD2FE} = {E5001D52-F4F7-4C6F-ADA8-4D08A7132D81}
	EndGlobalSection
	GlobalSection(ExtensibilityGlobals) = postSolution
		SolutionGuid = {8582B319-7C33-41AD-9798-E86AF6BC0F9B}
	EndGlobalSection
EndGlobal
